
Microsoft Visual Studio Solution File, Format Version 12.00
# Visual Studio Version 16
VisualStudioVersion = 16.0.30711.63
MinimumVisualStudioVersion = 10.0.40219.1
Project("{FAE04EC0-301F-11D3-BF4B-00C04F79EFBC}") = "ErrorImport", "ErrorImport\ErrorImport.csproj", "{C927090F-A301-4DAE-8929-2E7D76556328}"
EndProject
Global
	GlobalSection(SolutionConfigurationPlatforms) = preSolution
		Debug|Any CPU = Debug|Any CPU
		Release|Any CPU = Release|Any CPU
	EndGlobalSection
	GlobalSection(ProjectConfigurationPlatforms) = postSolution
		{C927090F-A301-4DAE-8929-2E7D76556328}.Debug|Any CPU.ActiveCfg = Debug|Any CPU
		{C927090F-A301-4DAE-8929-2E7D76556328}.Debug|Any CPU.Build.0 = Debug|Any CPU
		{C927090F-A301-4DAE-8929-2E7D76556328}.Release|Any CPU.ActiveCfg = Release|Any CPU
		{C927090F-A301-4DAE-8929-2E7D76556328}.Release|Any CPU.Build.0 = Release|Any CPU
	EndGlobalSection
	GlobalSection(SolutionProperties) = preSolution
		HideSolutionNode = FALSE
	EndGlobalSection
	GlobalSection(ExtensibilityGlobals) = postSolution
		SolutionGuid = {44A2C6CA-E98A-4EDB-A58D-B753F4A0EA9D}
	EndGlobalSection
EndGlobal
